
Microsoft Visual Studio Solution File, Format Version 12.00
# Visual Studio 15
Project("{FAE04EC0-301F-11D3-BF4B-00C04F79EFBC}") = "myWebApp1", "myWebApp1\myWebApp1.csproj", "{DAD5ABAB-6DF6-47D2-BAC0-15FD7ADE9E6A}"
EndProject
Global
	GlobalSection(SolutionConfigurationPlatforms) = preSolution
		Debug|Any CPU = Debug|Any CPU
		Release|Any CPU = Release|Any CPU
	EndGlobalSection
	GlobalSection(ProjectConfigurationPlatforms) = postSolution
		{DAD5ABAB-6DF6-47D2-BAC0-15FD7ADE9E6A}.Debug|Any CPU.ActiveCfg = Debug|Any CPU
		{DAD5ABAB-6DF6-47D2-BAC0-15FD7ADE9E6A}.Debug|Any CPU.Build.0 = Debug|Any CPU
		{DAD5ABAB-6DF6-47D2-BAC0-15FD7ADE9E6A}.Release|Any CPU.ActiveCfg = Release|Any CPU
		{DAD5ABAB-6DF6-47D2-BAC0-15FD7ADE9E6A}.Release|Any CPU.Build.0 = Release|Any CPU
	EndGlobalSection
EndGlobal
